# This file is automatically @generated by Cargo.
# It is not intended for manual editing.
version = 3

[[package]]
name = "bitflags"
version = "1.3.2"
source = "registry+https://github.com/rust-lang/crates.io-index"
checksum = "bef38d45163c2f1dde094a7dfd33ccf595c92905c8f8f4fdc18d06fb1037718a"

[[package]]
name = "once_cell"
version = "1.16.0"
source = "registry+https://github.com/rust-lang/crates.io-index"
checksum = "86f0b0d4bf799edbc74508c1e8bf170ff5f41238e5f8225603ca7caaae2b7860"

[[package]]
name = "piston"
version = "0.53.2"
source = "registry+https://github.com/rust-lang/crates.io-index"
checksum = "6e465487e1063ebe4103bc0fb65bc3dd604b635b2012a41530d3a5f77106e526"
dependencies = [
 "pistoncore-event_loop",
 "pistoncore-input",
 "pistoncore-window",
]

[[package]]
name = "piston-float"
version = "1.0.1"
source = "registry+https://github.com/rust-lang/crates.io-index"
checksum = "ad78bf43dcf80e8f950c92b84f938a0fc7590b7f6866fbcbeca781609c115590"

[[package]]
name = "piston-graphics_api_version"
version = "1.0.1"
source = "registry+https://github.com/rust-lang/crates.io-index"
checksum = "3b06401e3ea38467d8d85b394557408107e3e56d827f0d00c9b47e902cbd1bed"

[[package]]
name = "piston-viewport"
version = "1.0.2"
source = "registry+https://github.com/rust-lang/crates.io-index"
checksum = "61ecaf8ae0d71dd9cdbbd8662b47659621c09430ff3cb880d154858d3b8ac001"
dependencies = [
 "piston-float",
]

[[package]]
name = "pistoncore-event_loop"
version = "0.53.1"
source = "registry+https://github.com/rust-lang/crates.io-index"
checksum = "41d86b3bf012430bb23694348615e37769aca0e9910539ce93674006aeeb77e6"
dependencies = [
 "pistoncore-input",
 "pistoncore-window",
 "spin_sleep",
]

[[package]]
name = "pistoncore-input"
version = "1.0.1"
source = "registry+https://github.com/rust-lang/crates.io-index"
checksum = "2977fed6eb16c554fd445a09a50c8a0c250f4c50f752be46a7bd9dcc5ba471f0"
dependencies = [
 "bitflags",
 "piston-viewport",
 "serde",
 "serde_derive",
]

[[package]]
name = "pistoncore-window"
version = "0.47.1"
source = "registry+https://github.com/rust-lang/crates.io-index"
checksum = "d62962b4e9cfc13143c77e032302fedc58a8f0f570d30006cdb38ba00a5e50bf"
dependencies = [
 "piston-graphics_api_version",
 "pistoncore-input",
]

[[package]]
name = "proc-macro2"
version = "1.0.47"
source = "registry+https://github.com/rust-lang/crates.io-index"
checksum = "5ea3d908b0e36316caf9e9e2c4625cdde190a7e6f440d794667ed17a1855e725"
dependencies = [
 "unicode-ident",
]

[[package]]
name = "quote"
version = "1.0.21"
source = "registry+https://github.com/rust-lang/crates.io-index"
checksum = "bbe448f377a7d6961e30f5955f9b8d106c3f5e449d493ee1b125c1d43c2b5179"
dependencies = [
 "proc-macro2",
]

[[package]]
name = "serde"
version = "1.0.150"
source = "registry+https://github.com/rust-lang/crates.io-index"
checksum = "e326c9ec8042f1b5da33252c8a37e9ffbd2c9bef0155215b6e6c80c790e05f91"

[[package]]
name = "serde_derive"
version = "1.0.150"
source = "registry+https://github.com/rust-lang/crates.io-index"
checksum = "42a3df25b0713732468deadad63ab9da1f1fd75a48a15024b50363f128db627e"
dependencies = [
 "proc-macro2",
 "quote",
 "syn",
]

[[package]]
name = "spin_sleep"
version = "1.1.1"
source = "registry+https://github.com/rust-lang/crates.io-index"
checksum = "cafa7900db085f4354dbc7025e25d7a839a14360ea13b5fc4fd717f2d3b23134"
dependencies = [
 "once_cell",
 "winapi",
]

[[package]]
name = "syn"
version = "1.0.105"
source = "registry+https://github.com/rust-lang/crates.io-index"
checksum = "60b9b43d45702de4c839cb9b51d9f529c5dd26a4aff255b42b1ebc03e88ee908"
dependencies = [
 "proc-macro2",
 "quote",
 "unicode-ident",
]

[[package]]
name = "unicode-ident"
version = "1.0.5"
source = "registry+https://github.com/rust-lang/crates.io-index"
checksum = "6ceab39d59e4c9499d4e5a8ee0e2735b891bb7308ac83dfb4e80cad195c9f6f3"

[[package]]
name = "winapi"
version = "0.3.9"
source = "registry+https://github.com/rust-lang/crates.io-index"
checksum = "5c839a674fcd7a98952e593242ea400abe93992746761e38641405d28b00f419"
dependencies = [
 "winapi-i686-pc-windows-gnu",
 "winapi-x86_64-pc-windows-gnu",
]

[[package]]
name = "winapi-i686-pc-windows-gnu"
version = "0.4.0"
source = "registry+https://github.com/rust-lang/crates.io-index"
checksum = "ac3b87c63620426dd9b991e5ce0329eff545bccbbb34f3be09ff6fb6ab51b7b6"

[[package]]
name = "winapi-x86_64-pc-windows-gnu"
version = "0.4.0"
source = "registry+https://github.com/rust-lang/crates.io-index"
checksum = "712e227841d057c1ee1cd2fb22fa7e5a5461ae8e48fa2ca79ec42cfc1931183f"

[[package]]
name = "wsudoku"
version = "0.1.0"
dependencies = [
 "piston",
]
